
Microsoft Visual Studio Solution File, Format Version 12.00
# Visual Studio 2012
Project("{FAE04EC0-301F-11D3-BF4B-00C04F79EFBC}") = "ATO Viewer", "ATO Viewer\ATO Viewer.csproj", "{4383427E-5E16-4886-9AC0-8255C1C0AD36}"
EndProject
Global
	GlobalSection(SolutionConfigurationPlatforms) = preSolution
		Debug|Any CPU = Debug|Any CPU
		Release|Any CPU = Release|Any CPU
	EndGlobalSection
	GlobalSection(ProjectConfigurationPlatforms) = postSolution
		{4383427E-5E16-4886-9AC0-8255C1C0AD36}.Debug|Any CPU.ActiveCfg = Debug|Any CPU
		{4383427E-5E16-4886-9AC0-8255C1C0AD36}.Debug|Any CPU.Build.0 = Debug|Any CPU
		{4383427E-5E16-4886-9AC0-8255C1C0AD36}.Release|Any CPU.ActiveCfg = Release|Any CPU
		{4383427E-5E16-4886-9AC0-8255C1C0AD36}.Release|Any CPU.Build.0 = Release|Any CPU
	EndGlobalSection
	GlobalSection(SolutionProperties) = preSolution
		HideSolutionNode = FALSE
	EndGlobalSection
EndGlobal
